PODS:
  - Alamofire (4.4.0)
  - RxSwift (3.3.0)

DEPENDENCIES:
  - Alamofire (~> 4.4.0)
  - RxSwift (~> 3.3.0)

SPEC CHECKSUMS:
  Alamofire: dc44b1600b800eb63da6a19039a0083d62a6a62d
  RxSwift: 7d42e8bc91faa4c218292400646c482f3402774a

PODFILE CHECKSUM: ed31c7cfb30963af30aa826bac4626940c04b9d7

COCOAPODS: 1.2.0
